# This file was autogenerated by uv via the following command:
#    uv pip compile requirements.txt --output-file=requirements.lock --strip-extras
altair==6.2.2
    # via streamlit
annotated-doc==0.0.5
    # via fastapi
annotated-types==0.8.0
    # via pydantic
anyio==4.14.2
    # via
    #   httpx
    #   starlette
    #   streamlit
attrs==26.1.0
    # via
    #   jsonschema
    #   referencing
black==23.12.1
    # via -r requirements.txt
blinker==1.9.0
    # via streamlit
certifi==2026.7.22
    # via
    #   httpcore
    #   httpx
    #   requests
cfgv==3.5.0
    # via pre-commit
charset-normalizer==3.5.1
    # via requests
click==8.4.2
    # via
    #   black
    #   nltk
    #   streamlit
    #   uvicorn
colorama==0.4.6
    # via
    #   click
    #   pytest
    #   tqdm
contourpy==1.3.3
    # via matplotlib
coverage==7.15.4
    # via pytest-cov
cycler==0.12.1
    # via matplotlib
defusedxml==0.7.1
    # via nltk
deprecated==1.3.1
    # via limits
diskcache==5.6.3
    # via -r requirements.txt
distlib==0.4.3
    # via virtualenv
fastapi==0.141.1
    # via -r requirements.txt
filelock==3.32.3
    # via
    #   python-discovery
    #   virtualenv
fonttools==4.63.0
    # via matplotlib
gunicorn==22.0.0
    # via -r requirements.txt
h11==0.16.0
    # via
    #   httpcore
    #   uvicorn
httpcore==1.0.9
    # via httpx
httptools==0.8.0
    # via streamlit
httpx==0.28.1
    # via -r requirements.txt
hypothesis==6.165.10
    # via -r requirements.txt
identify==2.6.19
    # via pre-commit
idna==3.19
    # via
    #   anyio
    #   httpx
    #   requests
iniconfig==2.3.0
    # via pytest
isort==5.13.2
    # via -r requirements.txt
itsdangerous==2.2.0
    # via streamlit
jinja2==3.1.6
    # via
    #   altair
    #   pydeck
joblib==1.5.3
    # via
    #   -r requirements.txt
    #   nltk
    #   scikit-learn
jsonschema==4.26.0
    # via altair
jsonschema-specifications==2025.9.1
    # via jsonschema
kaleido==0.2.1
    # via -r requirements.txt
kiwisolver==1.5.0
    # via matplotlib
limits==5.8.0
    # via slowapi
markupsafe==3.0.3
    # via jinja2
matplotlib==3.11.1
    # via -r requirements.txt
mypy-extensions==1.1.0
    # via black
narwhals==2.25.0
    # via
    #   altair
    #   plotly
    #   scikit-learn
networkx==3.6.1
    # via -r requirements.txt
nltk==3.10.3
    # via -r requirements.txt
nodeenv==1.10.0
    # via pre-commit
numpy==2.5.2
    # via
    #   -r requirements.txt
    #   contourpy
    #   matplotlib
    #   opencv-python
    #   pandas
    #   pydeck
    #   scikit-learn
    #   scipy
    #   streamlit
opencv-python==4.14.0.94
    # via -r requirements.txt
packaging==26.3
    # via
    #   altair
    #   black
    #   gunicorn
    #   limits
    #   matplotlib
    #   plotly
    #   pytest
    #   streamlit
pandas==2.3.3
    # via
    #   -r requirements.txt
    #   streamlit
pathspec==1.1.1
    # via black
pillow==12.3.0
    # via
    #   -r requirements.txt
    #   matplotlib
    #   streamlit
platformdirs==4.11.3
    # via
    #   black
    #   virtualenv
plotly==6.9.0
    # via -r requirements.txt
pluggy==1.6.0
    # via pytest
pre-commit==3.8.0
    # via -r requirements.txt
prometheus-client==0.26.0
    # via prometheus-fastapi-instrumentator
prometheus-fastapi-instrumentator==8.1.0
    # via -r requirements.txt
protobuf==7.36.0
    # via streamlit
pyarrow==25.0.1
    # via streamlit
pydantic==2.13.4
    # via
    #   -r requirements.txt
    #   fastapi
    #   pydantic-settings
pydantic-core==2.46.4
    # via pydantic
pydantic-settings==2.15.0
    # via -r requirements.txt
pydeck==0.9.3
    # via streamlit
pyparsing==3.3.2
    # via matplotlib
pytest==7.4.4
    # via
    #   -r requirements.txt
    #   pytest-cov
pytest-cov==4.1.0
    # via -r requirements.txt
python-dateutil==2.9.0.post0
    # via
    #   matplotlib
    #   pandas
python-discovery==1.5.2
    # via virtualenv
python-dotenv==1.2.3
    # via
    #   -r requirements.txt
    #   pydantic-settings
python-multipart==0.0.32
    # via streamlit
pytz==2026.3.post1
    # via pandas
pyyaml==6.0.3
    # via pre-commit
rapidfuzz==3.14.5
    # via -r requirements.txt
referencing==0.37.0
    # via
    #   jsonschema
    #   jsonschema-specifications
regex==2026.7.19
    # via nltk
requests==2.34.2
    # via
    #   -r requirements.txt
    #   streamlit
rpds-py==2026.6.3
    # via
    #   jsonschema
    #   referencing
ruff==0.16.4
    # via -r requirements.txt
scikit-learn==1.9.0
    # via -r requirements.txt
scipy==1.18.0
    # via
    #   -r requirements.txt
    #   scikit-learn
six==1.17.0
    # via python-dateutil
slowapi==0.1.10
    # via -r requirements.txt
sortedcontainers==2.4.0
    # via hypothesis
starlette==1.6.0
    # via
    #   fastapi
    #   prometheus-fastapi-instrumentator
    #   streamlit
streamlit==1.62.0
    # via
    #   -r requirements.txt
    #   streamlit-option-menu
streamlit-option-menu==0.4.0
    # via -r requirements.txt
structlog==24.4.0
    # via -r requirements.txt
tenacity==9.1.4
    # via -r requirements.txt
threadpoolctl==3.6.0
    # via scikit-learn
toml==0.10.2
    # via streamlit
tqdm==4.70.0
    # via nltk
typing-extensions==4.16.0
    # via
    #   altair
    #   anyio
    #   fastapi
    #   limits
    #   pydantic
    #   pydantic-core
    #   referencing
    #   starlette
    #   streamlit
    #   typing-inspection
typing-inspection==0.4.4
    # via
    #   fastapi
    #   pydantic
    #   pydantic-settings
tzdata==2026.3
    # via pandas
urllib3==2.7.0
    # via requests
uvicorn==0.52.4
    # via
    #   -r requirements.txt
    #   streamlit
virtualenv==21.7.4
    # via pre-commit
watchdog==6.0.0
    # via streamlit
websockets==16.1.1
    # via streamlit
wrapt==2.3.0
    # via deprecated
